
Microsoft Visual Studio Solution File, Format Version 11.00
# Visual Studio 2010
Project("{FAE04EC0-301F-11D3-BF4B-00C04F79EFBC}") = "P10 Master", "Assembly-CSharp.csproj", "{8B7549CF-B666-CCCF-603C-A54C03352D2B}"
EndProject
Project("{FAE04EC0-301F-11D3-BF4B-00C04F79EFBC}") = "P10 Master", "Assembly-CSharp-Editor.csproj", "{11B135EB-84A4-DE93-7498-AE8B39BBD4C7}"
EndProject
Global
	GlobalSection(SolutionConfigurationPlatforms) = preSolution
		Debug|Any CPU = Debug|Any CPU
		Release|Any CPU = Release|Any CPU
	EndGlobalSection
	GlobalSection(ProjectConfigurationPlatforms) = postSolution
		{8B7549CF-B666-CCCF-603C-A54C03352D2B}.Debug|Any CPU.ActiveCfg = Debug|Any CPU
		{8B7549CF-B666-CCCF-603C-A54C03352D2B}.Debug|Any CPU.Build.0 = Debug|Any CPU
		{8B7549CF-B666-CCCF-603C-A54C03352D2B}.Release|Any CPU.ActiveCfg = Release|Any CPU
		{8B7549CF-B666-CCCF-603C-A54C03352D2B}.Release|Any CPU.Build.0 = Release|Any CPU
		{11B135EB-84A4-DE93-7498-AE8B39BBD4C7}.Debug|Any CPU.ActiveCfg = Debug|Any CPU
		{11B135EB-84A4-DE93-7498-AE8B39BBD4C7}.Debug|Any CPU.Build.0 = Debug|Any CPU
		{11B135EB-84A4-DE93-7498-AE8B39BBD4C7}.Release|Any CPU.ActiveCfg = Release|Any CPU
		{11B135EB-84A4-DE93-7498-AE8B39BBD4C7}.Release|Any CPU.Build.0 = Release|Any CPU
	EndGlobalSection
	GlobalSection(SolutionProperties) = preSolution
		HideSolutionNode = FALSE
	EndGlobalSection
	GlobalSection(MonoDevelopProperties) = preSolution
		StartupItem = Assembly-CSharp.csproj
	EndGlobalSection
EndGlobal
